
Microsoft Visual Studio Solution File, Format Version 12.00
# Visual Studio Version 17
VisualStudioVersion = 17.0.31919.166
MinimumVisualStudioVersion = 10.0.40219.1
Project("{FAE04EC0-301F-11D3-BF4B-00C04F79EFBC}") = "EventChoreography", "EventChoreography\EventChoreography.csproj", "{BB483FF7-A504-4EBD-B1AC-C509912AED45}"
EndProject
Global
	GlobalSection(SolutionConfigurationPlatforms) = preSolution
		Debug|Any CPU = Debug|Any CPU
		Release|Any CPU = Release|Any CPU
	EndGlobalSection
	GlobalSection(ProjectConfigurationPlatforms) = postSolution
		{BB483FF7-A504-4EBD-B1AC-C509912AED45}.Debug|Any CPU.ActiveCfg = Debug|Any CPU
		{BB483FF7-A504-4EBD-B1AC-C509912AED45}.Debug|Any CPU.Build.0 = Debug|Any CPU
		{BB483FF7-A504-4EBD-B1AC-C509912AED45}.Release|Any CPU.ActiveCfg = Release|Any CPU
		{BB483FF7-A504-4EBD-B1AC-C509912AED45}.Release|Any CPU.Build.0 = Release|Any CPU
	EndGlobalSection
	GlobalSection(SolutionProperties) = preSolution
		HideSolutionNode = FALSE
	EndGlobalSection
	GlobalSection(ExtensibilityGlobals) = postSolution
		SolutionGuid = {38A5FA41-62FC-4037-A081-93E5DE259780}
	EndGlobalSection
EndGlobal
